{
  "version": "4",
  "specifiers": {
    "jsr:@std/assert@1": "1.0.10",
    "jsr:@std/internal@^1.0.5": "1.0.5",
    "npm:remeda@^2.19.0": "2.19.0"
  },
  "jsr": {
    "@std/assert@1.0.10": {
      "integrity": "59b5cbac5bd55459a19045d95cc7c2ff787b4f8527c0dd195078ff6f9481fbb3",
      "dependencies": [
        "jsr:@std/internal"
      ]
    },
    "@std/internal@1.0.5": {
      "integrity": "54a546004f769c1ac9e025abd15a76b6671ddc9687e2313b67376125650dc7ba"
    }
  },
  "npm": {
    "remeda@2.19.0": {
      "integrity": "sha512-B/2+zHNPXu0BAopJU8ZrqMjA0u56M/l6BUxDq8AcU+3LWlOYVuf98I6qpYrB5BeeEICunpmXPcQl2ReGXkiQyw==",
      "dependencies": [
        "type-fest"
      ]
    },
    "type-fest@4.32.0": {
      "integrity": "sha512-rfgpoi08xagF3JSdtJlCwMq9DGNDE0IMh3Mkpc1wUypg9vPi786AiqeBBKcqvIkq42azsBM85N490fyZjeUftw=="
    }
  },
  "workspace": {
    "dependencies": [
      "jsr:@std/assert@1",
      "npm:remeda@^2.19.0"
    ]
  }
}
